
Microsoft Visual Studio Solution File, Format Version 12.00
# Visual Studio Version 17
VisualStudioVersion = 17.0.31903.59
MinimumVisualStudioVersion = 10.0.40219.1
Project("{9A19103F-16F7-4668-BE54-9A1E7A4F7556}") = "SunamoChar.Tests", "SunamoChar.Tests\\SunamoChar.Tests.csproj", "{322E2B72-8445-4A41-8379-43568FB90EDA}"
EndProject
Project("{FAE04EC0-301F-11D3-BF4B-00C04F79EFBC}") = "RunnerChar", "RunnerChar\\RunnerChar.csproj", "{CCC33808-7445-4030-B2B9-6D5BD7C6ECE9}"
EndProject
Project("{FAE04EC0-301F-11D3-BF4B-00C04F79EFBC}") = "SunamoChar", "SunamoChar\SunamoChar.csproj", "{8E934647-9A06-48B9-8925-BAB05FA4A22C}"
EndProject
Global
	GlobalSection(SolutionConfigurationPlatforms) = preSolution
		Debug|Any CPU = Debug|Any CPU
		Debug|x64 = Debug|x64
		Debug|x86 = Debug|x86
		Release|Any CPU = Release|Any CPU
		Release|x64 = Release|x64
		Release|x86 = Release|x86
	EndGlobalSection
	GlobalSection(ProjectConfigurationPlatforms) = postSolution
		{322E2B72-8445-4A41-8379-43568FB90EDA}.Debug|Any CPU.ActiveCfg = Debug|Any CPU
		{322E2B72-8445-4A41-8379-43568FB90EDA}.Debug|Any CPU.Build.0 = Debug|Any CPU
		{322E2B72-8445-4A41-8379-43568FB90EDA}.Debug|x64.ActiveCfg = Debug|Any CPU
		{322E2B72-8445-4A41-8379-43568FB90EDA}.Debug|x64.Build.0 = Debug|Any CPU
		{322E2B72-8445-4A41-8379-43568FB90EDA}.Debug|x86.ActiveCfg = Debug|Any CPU
		{322E2B72-8445-4A41-8379-43568FB90EDA}.Debug|x86.Build.0 = Debug|Any CPU
		{322E2B72-8445-4A41-8379-43568FB90EDA}.Release|Any CPU.ActiveCfg = Release|Any CPU
		{322E2B72-8445-4A41-8379-43568FB90EDA}.Release|Any CPU.Build.0 = Release|Any CPU
		{322E2B72-8445-4A41-8379-43568FB90EDA}.Release|x64.ActiveCfg = Release|Any CPU
		{322E2B72-8445-4A41-8379-43568FB90EDA}.Release|x64.Build.0 = Release|Any CPU
		{322E2B72-8445-4A41-8379-43568FB90EDA}.Release|x86.ActiveCfg = Release|Any CPU
		{322E2B72-8445-4A41-8379-43568FB90EDA}.Release|x86.Build.0 = Release|Any CPU
		{CCC33808-7445-4030-B2B9-6D5BD7C6ECE9}.Debug|Any CPU.ActiveCfg = Debug|Any CPU
		{CCC33808-7445-4030-B2B9-6D5BD7C6ECE9}.Debug|Any CPU.Build.0 = Debug|Any CPU
		{CCC33808-7445-4030-B2B9-6D5BD7C6ECE9}.Debug|x64.ActiveCfg = Debug|Any CPU
		{CCC33808-7445-4030-B2B9-6D5BD7C6ECE9}.Debug|x64.Build.0 = Debug|Any CPU
		{CCC33808-7445-4030-B2B9-6D5BD7C6ECE9}.Debug|x86.ActiveCfg = Debug|Any CPU
		{CCC33808-7445-4030-B2B9-6D5BD7C6ECE9}.Debug|x86.Build.0 = Debug|Any CPU
		{CCC33808-7445-4030-B2B9-6D5BD7C6ECE9}.Release|Any CPU.ActiveCfg = Release|Any CPU
		{CCC33808-7445-4030-B2B9-6D5BD7C6ECE9}.Release|Any CPU.Build.0 = Release|Any CPU
		{CCC33808-7445-4030-B2B9-6D5BD7C6ECE9}.Release|x64.ActiveCfg = Release|Any CPU
		{CCC33808-7445-4030-B2B9-6D5BD7C6ECE9}.Release|x64.Build.0 = Release|Any CPU
		{CCC33808-7445-4030-B2B9-6D5BD7C6ECE9}.Release|x86.ActiveCfg = Release|Any CPU
		{CCC33808-7445-4030-B2B9-6D5BD7C6ECE9}.Release|x86.Build.0 = Release|Any CPU
		{8E934647-9A06-48B9-8925-BAB05FA4A22C}.Debug|Any CPU.ActiveCfg = Debug|Any CPU
		{8E934647-9A06-48B9-8925-BAB05FA4A22C}.Debug|Any CPU.Build.0 = Debug|Any CPU
		{8E934647-9A06-48B9-8925-BAB05FA4A22C}.Debug|x64.ActiveCfg = Debug|Any CPU
		{8E934647-9A06-48B9-8925-BAB05FA4A22C}.Debug|x64.Build.0 = Debug|Any CPU
		{8E934647-9A06-48B9-8925-BAB05FA4A22C}.Debug|x86.ActiveCfg = Debug|Any CPU
		{8E934647-9A06-48B9-8925-BAB05FA4A22C}.Debug|x86.Build.0 = Debug|Any CPU
		{8E934647-9A06-48B9-8925-BAB05FA4A22C}.Release|Any CPU.ActiveCfg = Release|Any CPU
		{8E934647-9A06-48B9-8925-BAB05FA4A22C}.Release|Any CPU.Build.0 = Release|Any CPU
		{8E934647-9A06-48B9-8925-BAB05FA4A22C}.Release|x64.ActiveCfg = Release|Any CPU
		{8E934647-9A06-48B9-8925-BAB05FA4A22C}.Release|x64.Build.0 = Release|Any CPU
		{8E934647-9A06-48B9-8925-BAB05FA4A22C}.Release|x86.ActiveCfg = Release|Any CPU
		{8E934647-9A06-48B9-8925-BAB05FA4A22C}.Release|x86.Build.0 = Release|Any CPU
	EndGlobalSection
	GlobalSection(SolutionProperties) = preSolution
		HideSolutionNode = FALSE
	EndGlobalSection
	GlobalSection(ExtensibilityGlobals) = postSolution
		SolutionGuid = {D1DF5167-A1CE-49FB-B2F1-8E51306E4286}
	EndGlobalSection
EndGlobal
